
Microsoft Visual Studio Solution File, Format Version 12.00
# Visual Studio Version 17
VisualStudioVersion = 17.9.34622.214
MinimumVisualStudioVersion = 10.0.40219.1
Project("{8BC9CEB8-8B4A-11D0-8D11-00A0C91BC942}") = "JDMS", "JDMS\JDMS.vcxproj", "{D38408FD-061D-40F8-AEAD-3FF0D9D03E7B}"
	ProjectSection(ProjectDependencies) = postProject
		{8C937E70-C607-4549-A9B2-B22BF836A4B7} = {8C937E70-C607-4549-A9B2-B22BF836A4B7}
		{8D927C3B-AB62-4528-8C8E-58883C946ADE} = {8D927C3B-AB62-4528-8C8E-58883C946ADE}
		{92CBA2BE-6584-40EE-9BE4-24BBCAD4CB17} = {92CBA2BE-6584-40EE-9BE4-24BBCAD4CB17}
		{A6579DA1-B0A3-4547-A57C-8C45B2B0B5C1} = {A6579DA1-B0A3-4547-A57C-8C45B2B0B5C1}
		{F4B90A90-1818-4BE1-B448-52728446CA03} = {F4B90A90-1818-4BE1-B448-52728446CA03}
	EndProjectSection
EndProject
Project("{8BC9CEB8-8B4A-11D0-8D11-00A0C91BC942}") = "InforUnit", "InforUnit\InforUnit.vcxproj", "{92CBA2BE-6584-40EE-9BE4-24BBCAD4CB17}"
EndProject
Project("{8BC9CEB8-8B4A-11D0-8D11-00A0C91BC942}") = "UserUnit", "UserUnit\UserUnit.vcxproj", "{8C937E70-C607-4549-A9B2-B22BF836A4B7}"
EndProject
Project("{8BC9CEB8-8B4A-11D0-8D11-00A0C91BC942}") = "DataUnit", "DataUnit\DataUnit.vcxproj", "{8D927C3B-AB62-4528-8C8E-58883C946ADE}"
EndProject
Project("{8BC9CEB8-8B4A-11D0-8D11-00A0C91BC942}") = "CmdUnit", "CmdUnit\CmdUnit.vcxproj", "{A6579DA1-B0A3-4547-A57C-8C45B2B0B5C1}"
	ProjectSection(ProjectDependencies) = postProject
		{8C937E70-C607-4549-A9B2-B22BF836A4B7} = {8C937E70-C607-4549-A9B2-B22BF836A4B7}
	EndProjectSection
EndProject
Project("{8BC9CEB8-8B4A-11D0-8D11-00A0C91BC942}") = "AutoFixUnit", "AutoFixUnit\AutoFixUnit.vcxproj", "{FB8C6BF5-4803-4DBB-8ECA-A7DC4AE399B0}"
EndProject
Project("{8BC9CEB8-8B4A-11D0-8D11-00A0C91BC942}") = "AIAnalysisUnit", "AIAnalysisUnit\AIAnalysisUnit.vcxproj", "{C1C818D2-79C5-469E-A0B0-115D55793720}"
EndProject
Project("{8BC9CEB8-8B4A-11D0-8D11-00A0C91BC942}") = "IOUnit", "IOUnit\IOUnit.vcxproj", "{F4B90A90-1818-4BE1-B448-52728446CA03}"
	ProjectSection(ProjectDependencies) = postProject
		{8C937E70-C607-4549-A9B2-B22BF836A4B7} = {8C937E70-C607-4549-A9B2-B22BF836A4B7}
		{8D927C3B-AB62-4528-8C8E-58883C946ADE} = {8D927C3B-AB62-4528-8C8E-58883C946ADE}
		{92CBA2BE-6584-40EE-9BE4-24BBCAD4CB17} = {92CBA2BE-6584-40EE-9BE4-24BBCAD4CB17}
		{A6579DA1-B0A3-4547-A57C-8C45B2B0B5C1} = {A6579DA1-B0A3-4547-A57C-8C45B2B0B5C1}
	EndProjectSection
EndProject
Project("{8BC9CEB8-8B4A-11D0-8D11-00A0C91BC942}") = "Test", "Test\Test.vcxproj", "{15CB57AD-DF93-448E-ADF4-B2F2A1D18E7A}"
	ProjectSection(ProjectDependencies) = postProject
		{8C937E70-C607-4549-A9B2-B22BF836A4B7} = {8C937E70-C607-4549-A9B2-B22BF836A4B7}
		{8D927C3B-AB62-4528-8C8E-58883C946ADE} = {8D927C3B-AB62-4528-8C8E-58883C946ADE}
		{92CBA2BE-6584-40EE-9BE4-24BBCAD4CB17} = {92CBA2BE-6584-40EE-9BE4-24BBCAD4CB17}
		{A6579DA1-B0A3-4547-A57C-8C45B2B0B5C1} = {A6579DA1-B0A3-4547-A57C-8C45B2B0B5C1}
		{D38408FD-061D-40F8-AEAD-3FF0D9D03E7B} = {D38408FD-061D-40F8-AEAD-3FF0D9D03E7B}
		{F4B90A90-1818-4BE1-B448-52728446CA03} = {F4B90A90-1818-4BE1-B448-52728446CA03}
	EndProjectSection
EndProject
Global
	GlobalSection(SolutionConfigurationPlatforms) = preSolution
		Debug|x64 = Debug|x64
		Debug|x86 = Debug|x86
		Release|x64 = Release|x64
		Release|x86 = Release|x86
	EndGlobalSection
	GlobalSection(ProjectConfigurationPlatforms) = postSolution
		{D38408FD-061D-40F8-AEAD-3FF0D9D03E7B}.Debug|x64.ActiveCfg = Debug|x64
		{D38408FD-061D-40F8-AEAD-3FF0D9D03E7B}.Debug|x64.Build.0 = Debug|x64
		{D38408FD-061D-40F8-AEAD-3FF0D9D03E7B}.Debug|x86.ActiveCfg = Debug|Win32
		{D38408FD-061D-40F8-AEAD-3FF0D9D03E7B}.Debug|x86.Build.0 = Debug|Win32
		{D38408FD-061D-40F8-AEAD-3FF0D9D03E7B}.Release|x64.ActiveCfg = Release|x64
		{D38408FD-061D-40F8-AEAD-3FF0D9D03E7B}.Release|x64.Build.0 = Release|x64
		{D38408FD-061D-40F8-AEAD-3FF0D9D03E7B}.Release|x86.ActiveCfg = Release|Win32
		{D38408FD-061D-40F8-AEAD-3FF0D9D03E7B}.Release|x86.Build.0 = Release|Win32
		{92CBA2BE-6584-40EE-9BE4-24BBCAD4CB17}.Debug|x64.ActiveCfg = Debug|x64
		{92CBA2BE-6584-40EE-9BE4-24BBCAD4CB17}.Debug|x64.Build.0 = Debug|x64
		{92CBA2BE-6584-40EE-9BE4-24BBCAD4CB17}.Debug|x86.ActiveCfg = Debug|Win32
		{92CBA2BE-6584-40EE-9BE4-24BBCAD4CB17}.Debug|x86.Build.0 = Debug|Win32
		{92CBA2BE-6584-40EE-9BE4-24BBCAD4CB17}.Release|x64.ActiveCfg = Release|x64
		{92CBA2BE-6584-40EE-9BE4-24BBCAD4CB17}.Release|x64.Build.0 = Release|x64
		{92CBA2BE-6584-40EE-9BE4-24BBCAD4CB17}.Release|x86.ActiveCfg = Release|Win32
		{92CBA2BE-6584-40EE-9BE4-24BBCAD4CB17}.Release|x86.Build.0 = Release|Win32
		{8C937E70-C607-4549-A9B2-B22BF836A4B7}.Debug|x64.ActiveCfg = Debug|x64
		{8C937E70-C607-4549-A9B2-B22BF836A4B7}.Debug|x64.Build.0 = Debug|x64
		{8C937E70-C607-4549-A9B2-B22BF836A4B7}.Debug|x86.ActiveCfg = Debug|Win32
		{8C937E70-C607-4549-A9B2-B22BF836A4B7}.Debug|x86.Build.0 = Debug|Win32
		{8C937E70-C607-4549-A9B2-B22BF836A4B7}.Release|x64.ActiveCfg = Release|x64
		{8C937E70-C607-4549-A9B2-B22BF836A4B7}.Release|x64.Build.0 = Release|x64
		{8C937E70-C607-4549-A9B2-B22BF836A4B7}.Release|x86.ActiveCfg = Release|Win32
		{8C937E70-C607-4549-A9B2-B22BF836A4B7}.Release|x86.Build.0 = Release|Win32
		{8D927C3B-AB62-4528-8C8E-58883C946ADE}.Debug|x64.ActiveCfg = Debug|x64
		{8D927C3B-AB62-4528-8C8E-58883C946ADE}.Debug|x64.Build.0 = Debug|x64
		{8D927C3B-AB62-4528-8C8E-58883C946ADE}.Debug|x86.ActiveCfg = Debug|Win32
		{8D927C3B-AB62-4528-8C8E-58883C946ADE}.Debug|x86.Build.0 = Debug|Win32
		{8D927C3B-AB62-4528-8C8E-58883C946ADE}.Release|x64.ActiveCfg = Release|x64
		{8D927C3B-AB62-4528-8C8E-58883C946ADE}.Release|x64.Build.0 = Release|x64
		{8D927C3B-AB62-4528-8C8E-58883C946ADE}.Release|x86.ActiveCfg = Release|Win32
		{8D927C3B-AB62-4528-8C8E-58883C946ADE}.Release|x86.Build.0 = Release|Win32
		{A6579DA1-B0A3-4547-A57C-8C45B2B0B5C1}.Debug|x64.ActiveCfg = Debug|x64
		{A6579DA1-B0A3-4547-A57C-8C45B2B0B5C1}.Debug|x64.Build.0 = Debug|x64
		{A6579DA1-B0A3-4547-A57C-8C45B2B0B5C1}.Debug|x86.ActiveCfg = Debug|Win32
		{A6579DA1-B0A3-4547-A57C-8C45B2B0B5C1}.Debug|x86.Build.0 = Debug|Win32
		{A6579DA1-B0A3-4547-A57C-8C45B2B0B5C1}.Release|x64.ActiveCfg = Release|x64
		{A6579DA1-B0A3-4547-A57C-8C45B2B0B5C1}.Release|x64.Build.0 = Release|x64
		{A6579DA1-B0A3-4547-A57C-8C45B2B0B5C1}.Release|x86.ActiveCfg = Release|Win32
		{A6579DA1-B0A3-4547-A57C-8C45B2B0B5C1}.Release|x86.Build.0 = Release|Win32
		{FB8C6BF5-4803-4DBB-8ECA-A7DC4AE399B0}.Debug|x64.ActiveCfg = Debug|x64
		{FB8C6BF5-4803-4DBB-8ECA-A7DC4AE399B0}.Debug|x64.Build.0 = Debug|x64
		{FB8C6BF5-4803-4DBB-8ECA-A7DC4AE399B0}.Debug|x86.ActiveCfg = Debug|Win32
		{FB8C6BF5-4803-4DBB-8ECA-A7DC4AE399B0}.Debug|x86.Build.0 = Debug|Win32
		{FB8C6BF5-4803-4DBB-8ECA-A7DC4AE399B0}.Release|x64.ActiveCfg = Release|x64
		{FB8C6BF5-4803-4DBB-8ECA-A7DC4AE399B0}.Release|x64.Build.0 = Release|x64
		{FB8C6BF5-4803-4DBB-8ECA-A7DC4AE399B0}.Release|x86.ActiveCfg = Release|Win32
		{FB8C6BF5-4803-4DBB-8ECA-A7DC4AE399B0}.Release|x86.Build.0 = Release|Win32
		{C1C818D2-79C5-469E-A0B0-115D55793720}.Debug|x64.ActiveCfg = Debug|x64
		{C1C818D2-79C5-469E-A0B0-115D55793720}.Debug|x64.Build.0 = Debug|x64
		{C1C818D2-79C5-469E-A0B0-115D55793720}.Debug|x86.ActiveCfg = Debug|Win32
		{C1C818D2-79C5-469E-A0B0-115D55793720}.Debug|x86.Build.0 = Debug|Win32
		{C1C818D2-79C5-469E-A0B0-115D55793720}.Release|x64.ActiveCfg = Release|x64
		{C1C818D2-79C5-469E-A0B0-115D55793720}.Release|x64.Build.0 = Release|x64
		{C1C818D2-79C5-469E-A0B0-115D55793720}.Release|x86.ActiveCfg = Release|Win32
		{C1C818D2-79C5-469E-A0B0-115D55793720}.Release|x86.Build.0 = Release|Win32
		{F4B90A90-1818-4BE1-B448-52728446CA03}.Debug|x64.ActiveCfg = Debug|x64
		{F4B90A90-1818-4BE1-B448-52728446CA03}.Debug|x64.Build.0 = Debug|x64
		{F4B90A90-1818-4BE1-B448-52728446CA03}.Debug|x86.ActiveCfg = Debug|Win32
		{F4B90A90-1818-4BE1-B448-52728446CA03}.Debug|x86.Build.0 = Debug|Win32
		{F4B90A90-1818-4BE1-B448-52728446CA03}.Release|x64.ActiveCfg = Release|x64
		{F4B90A90-1818-4BE1-B448-52728446CA03}.Release|x64.Build.0 = Release|x64
		{F4B90A90-1818-4BE1-B448-52728446CA03}.Release|x86.ActiveCfg = Release|Win32
		{F4B90A90-1818-4BE1-B448-52728446CA03}.Release|x86.Build.0 = Release|Win32
		{15CB57AD-DF93-448E-ADF4-B2F2A1D18E7A}.Debug|x64.ActiveCfg = Debug|x64
		{15CB57AD-DF93-448E-ADF4-B2F2A1D18E7A}.Debug|x64.Build.0 = Debug|x64
		{15CB57AD-DF93-448E-ADF4-B2F2A1D18E7A}.Debug|x86.ActiveCfg = Debug|Win32
		{15CB57AD-DF93-448E-ADF4-B2F2A1D18E7A}.Debug|x86.Build.0 = Debug|Win32
		{15CB57AD-DF93-448E-ADF4-B2F2A1D18E7A}.Release|x64.ActiveCfg = Release|x64
		{15CB57AD-DF93-448E-ADF4-B2F2A1D18E7A}.Release|x64.Build.0 = Release|x64
		{15CB57AD-DF93-448E-ADF4-B2F2A1D18E7A}.Release|x86.ActiveCfg = Release|Win32
		{15CB57AD-DF93-448E-ADF4-B2F2A1D18E7A}.Release|x86.Build.0 = Release|Win32
	EndGlobalSection
	GlobalSection(SolutionProperties) = preSolution
		HideSolutionNode = FALSE
	EndGlobalSection
	GlobalSection(ExtensibilityGlobals) = postSolution
		SolutionGuid = {49602C5E-E656-442A-92D9-3001D766DBEE}
	EndGlobalSection
EndGlobal
