<?xml version="1.0" encoding="utf-8"?>
<Project ToolsVersion="4.0" xmlns="http://schemas.microsoft.com/developer/msbuild/2003">
  <ItemGroup>
    <ClCompile Include="source\JCenterDef.cpp">
      <Filter>cmdUnit</Filter>
    </ClCompile>
    <ClCompile Include="source\StorageDef.cpp">
      <Filter>storageLib</Filter>
    </ClCompile>
  </ItemGroup>
  <ItemGroup>
    <ClInclude Include="source\JCenter.h">
      <Filter>cmdUnit</Filter>
    </ClInclude>
    <ClInclude Include="source\storage\Jnode.h">
      <Filter>storageLib</Filter>
    </ClInclude>
    <ClInclude Include="source\storage\Jqueue.h">
      <Filter>storageLib</Filter>
    </ClInclude>
    <ClInclude Include="source\storage\Jsort.h">
      <Filter>storageLib</Filter>
    </ClInclude>
    <ClInclude Include="source\storage\JMacros.h">
      <Filter>storageLib</Filter>
    </ClInclude>
    <ClInclude Include="source\storage\LinkList.h">
      <Filter>storageLib</Filter>
    </ClInclude>
    <ClInclude Include="source\storage\ListOpers.h">
      <Filter>storageLib</Filter>
    </ClInclude>
    <ClInclude Include="source\storage\Queue.h">
      <Filter>storageLib</Filter>
    </ClInclude>
    <ClInclude Include="source\storage\Stack.h">
      <Filter>storageLib</Filter>
    </ClInclude>
    <ClInclude Include="source\Table.h">
      <Filter>storageLib</Filter>
    </ClInclude>
    <ClInclude Include="source\storage\JList.h">
      <Filter>storageLib</Filter>
    </ClInclude>
    <ClInclude Include="source\storage\Set.h">
      <Filter>storageLib</Filter>
    </ClInclude>
    <ClInclude Include="source\storage\JNLPU.h">
      <Filter>storageLib</Filter>
    </ClInclude>
    <ClInclude Include="source\Storage.h">
      <Filter>storageLib</Filter>
    </ClInclude>
  </ItemGroup>
  <ItemGroup>
    <Text Include="resource\helper\dev.txt">
      <Filter>resourceFIle</Filter>
    </Text>
    <Text Include="resource\helper\devInfor.txt">
      <Filter>resourceFIle</Filter>
    </Text>
    <Text Include="resource\helper\helper_en.txt">
      <Filter>resourceFIle</Filter>
    </Text>
    <Text Include="resource\helper\universal_en.txt">
      <Filter>resourceFIle</Filter>
    </Text>
    <Text Include="resource\helper\share_en.txt">
      <Filter>resourceFIle</Filter>
    </Text>
    <Text Include="resource\user.txt">
      <Filter>resourceFIle</Filter>
    </Text>
    <Text Include="resource\versionInf.txt">
      <Filter>resourceFIle</Filter>
    </Text>
    <Text Include="resource\commandList.txt">
      <Filter>resourceFIle</Filter>
    </Text>
  </ItemGroup>
  <ItemGroup>
    <Filter Include="resourceFIle">
      <UniqueIdentifier>{1d88d0c1-5f06-45da-b120-e1f92ea7d4f5}</UniqueIdentifier>
    </Filter>
    <Filter Include="cmdUnit">
      <UniqueIdentifier>{f7ffe0ab-4c6d-4b76-bdea-17f8128743d5}</UniqueIdentifier>
    </Filter>
    <Filter Include="inforReportUnit">
      <UniqueIdentifier>{690ef94a-1c48-48e7-a61b-e34a941ae070}</UniqueIdentifier>
    </Filter>
    <Filter Include="storageLib">
      <UniqueIdentifier>{ba61fd0b-d246-4ad6-a71e-a30e440edfbf}</UniqueIdentifier>
    </Filter>
    <Filter Include="userManagementUnit">
      <UniqueIdentifier>{d541610f-7d37-4ba7-bdfb-227ec0ce87c6}</UniqueIdentifier>
    </Filter>
  </ItemGroup>
</Project>